// !$*UTF8*$!
{
	archiveVersion = 1;
	classes = {
	};
	objectVersion = 56;
	objects = {

/* Begin PBXBuildFile section */
		3F0A4CB8C453137369A1390F /* Pods_ass1.framework in Frameworks */ = {isa = PBXBuildFile; fileRef = 5B5C30A83AA2C47C0B96A7BD /* Pods_ass1.framework */; };
		E023C9BB2A908DE9005BE30B /* CameraViewController.swift in Sources */ = {isa = PBXBuildFile; fileRef = E023C9BA2A908DE9005BE30B /* CameraViewController.swift */; };
		E023C9BD2A90E95A005BE30B /* APICapturedPhoto.swift in Sources */ = {isa = PBXBuildFile; fileRef = E023C9BC2A90E95A005BE30B /* APICapturedPhoto.swift */; };
		E04E1C112A8792CB005E71BE /* DataModel.xcdatamodeld in Sources */ = {isa = PBXBuildFile; fileRef = E04E1C0F2A8792CB005E71BE /* DataModel.xcdatamodeld */; };
		E04E1C132A87BB3C005E71BE /* RealmData.swift in Sources */ = {isa = PBXBuildFile; fileRef = E04E1C122A87BB3C005E71BE /* RealmData.swift */; };
		E056BC8A2A7E135600AD4653 /* ShopViewController.swift in Sources */ = {isa = PBXBuildFile; fileRef = E056BC892A7E135600AD4653 /* ShopViewController.swift */; };
		E056BC8E2A7E13CD00AD4653 /* ShopManager.swift in Sources */ = {isa = PBXBuildFile; fileRef = E056BC8D2A7E13CD00AD4653 /* ShopManager.swift */; };
		E056BC912A7E207800AD4653 /* Product.swift in Sources */ = {isa = PBXBuildFile; fileRef = E056BC902A7E207800AD4653 /* Product.swift */; };
		E056BC932A7E22B600AD4653 /* GoogleService-Info.plist in Resources */ = {isa = PBXBuildFile; fileRef = E056BC922A7E22B600AD4653 /* GoogleService-Info.plist */; };
		E056BC952A7E26EC00AD4653 /* APIHandler.swift in Sources */ = {isa = PBXBuildFile; fileRef = E056BC942A7E26EC00AD4653 /* APIHandler.swift */; };
		E056BC972A7E6EFD00AD4653 /* test.swift in Sources */ = {isa = PBXBuildFile; fileRef = E056BC962A7E6EFD00AD4653 /* test.swift */; };
		E056BC9E2A7FC3D000AD4653 /* ReusableCell.swift in Sources */ = {isa = PBXBuildFile; fileRef = E056BC9C2A7FC3D000AD4653 /* ReusableCell.swift */; };
		E056BC9F2A7FC3D000AD4653 /* ReusableCell.xib in Resources */ = {isa = PBXBuildFile; fileRef = E056BC9D2A7FC3D000AD4653 /* ReusableCell.xib */; };
		E056BCA22A7FD0EB00AD4653 /* ProductCell.swift in Sources */ = {isa = PBXBuildFile; fileRef = E056BCA02A7FD0EB00AD4653 /* ProductCell.swift */; };
		E056BCA32A7FD0EB00AD4653 /* ProductCell.xib in Resources */ = {isa = PBXBuildFile; fileRef = E056BCA12A7FD0EB00AD4653 /* ProductCell.xib */; };
		E0C329AF2A74EE240056258F /* AppDelegate.swift in Sources */ = {isa = PBXBuildFile; fileRef = E0C329AE2A74EE240056258F /* AppDelegate.swift */; };
		E0C329B12A74EE240056258F /* SceneDelegate.swift in Sources */ = {isa = PBXBuildFile; fileRef = E0C329B02A74EE240056258F /* SceneDelegate.swift */; };
		E0C329B32A74EE240056258F /* FirstViewController.swift in Sources */ = {isa = PBXBuildFile; fileRef = E0C329B22A74EE240056258F /* FirstViewController.swift */; };
		E0C329B62A74EE240056258F /* Main.storyboard in Resources */ = {isa = PBXBuildFile; fileRef = E0C329B42A74EE240056258F /* Main.storyboard */; };
		E0C329B82A74EE240056258F /* Assets.xcassets in Resources */ = {isa = PBXBuildFile; fileRef = E0C329B72A74EE240056258F /* Assets.xcassets */; };
		E0C329BB2A74EE240056258F /* LaunchScreen.storyboard in Resources */ = {isa = PBXBuildFile; fileRef = E0C329B92A74EE240056258F /* LaunchScreen.storyboard */; };
		E0C329E22A75237F0056258F /* TabViewController.swift in Sources */ = {isa = PBXBuildFile; fileRef = E0C329E12A75237F0056258F /* TabViewController.swift */; };
/* End PBXBuildFile section */

/* Begin PBXContainerItemProxy section */
		E0C329C22A74EE240056258F /* PBXContainerItemProxy */ = {
			isa = PBXContainerItemProxy;
			containerPortal = E0C329A32A74EE240056258F /* Project object */;
			proxyType = 1;
			remoteGlobalIDString = E0C329AA2A74EE240056258F;
			remoteInfo = ass1;
		};
		E0C329CC2A74EE240056258F /* PBXContainerItemProxy */ = {
			isa = PBXContainerItemProxy;
			containerPortal = E0C329A32A74EE240056258F /* Project object */;
			proxyType = 1;
			remoteGlobalIDString = E0C329AA2A74EE240056258F;
			remoteInfo = ass1;
		};
/* End PBXContainerItemProxy section */

/* Begin PBXFileReference section */
		3C34A9A60583F5DDFBD4006F /* Pods-ass1.debug.xcconfig */ = {isa = PBXFileReference; includeInIndex = 1; lastKnownFileType = text.xcconfig; name = "Pods-ass1.debug.xcconfig"; path = "Target Support Files/Pods-ass1/Pods-ass1.debug.xcconfig"; sourceTree = "<group>"; };
		5B5C30A83AA2C47C0B96A7BD /* Pods_ass1.framework */ = {isa = PBXFileReference; explicitFileType = wrapper.framework; includeInIndex = 0; path = Pods_ass1.framework; sourceTree = BUILT_PRODUCTS_DIR; };
		66ECA964947845748A62FEBC /* Pods-ass1.release.xcconfig */ = {isa = PBXFileReference; includeInIndex = 1; lastKnownFileType = text.xcconfig; name = "Pods-ass1.release.xcconfig"; path = "Target Support Files/Pods-ass1/Pods-ass1.release.xcconfig"; sourceTree = "<group>"; };
		E023C9BA2A908DE9005BE30B /* CameraViewController.swift */ = {isa = PBXFileReference; lastKnownFileType = sourcecode.swift; path = CameraViewController.swift; sourceTree = "<group>"; };
		E023C9BC2A90E95A005BE30B /* APICapturedPhoto.swift */ = {isa = PBXFileReference; lastKnownFileType = sourcecode.swift; path = APICapturedPhoto.swift; sourceTree = "<group>"; };
		E04E1C102A8792CB005E71BE /* DataModel.xcdatamodel */ = {isa = PBXFileReference; lastKnownFileType = wrapper.xcdatamodel; path = DataModel.xcdatamodel; sourceTree = "<group>"; };
		E04E1C122A87BB3C005E71BE /* RealmData.swift */ = {isa = PBXFileReference; lastKnownFileType = sourcecode.swift; path = RealmData.swift; sourceTree = "<group>"; };
		E056BC892A7E135600AD4653 /* ShopViewController.swift */ = {isa = PBXFileReference; lastKnownFileType = sourcecode.swift; path = ShopViewController.swift; sourceTree = "<group>"; };
		E056BC8D2A7E13CD00AD4653 /* ShopManager.swift */ = {isa = PBXFileReference; lastKnownFileType = sourcecode.swift; path = ShopManager.swift; sourceTree = "<group>"; };
		E056BC902A7E207800AD4653 /* Product.swift */ = {isa = PBXFileReference; lastKnownFileType = sourcecode.swift; path = Product.swift; sourceTree = "<group>"; };
		E056BC922A7E22B600AD4653 /* GoogleService-Info.plist */ = {isa = PBXFileReference; fileEncoding = 4; lastKnownFileType = text.plist.xml; path = "GoogleService-Info.plist"; sourceTree = "<group>"; };
		E056BC942A7E26EC00AD4653 /* APIHandler.swift */ = {isa = PBXFileReference; lastKnownFileType = sourcecode.swift; path = APIHandler.swift; sourceTree = "<group>"; };
		E056BC962A7E6EFD00AD4653 /* test.swift */ = {isa = PBXFileReference; lastKnownFileType = sourcecode.swift; path = test.swift; sourceTree = "<group>"; };
		E056BC9C2A7FC3D000AD4653 /* ReusableCell.swift */ = {isa = PBXFileReference; lastKnownFileType = sourcecode.swift; path = ReusableCell.swift; sourceTree = "<group>"; };
		E056BC9D2A7FC3D000AD4653 /* ReusableCell.xib */ = {isa = PBXFileReference; lastKnownFileType = file.xib; path = ReusableCell.xib; sourceTree = "<group>"; };
		E056BCA02A7FD0EB00AD4653 /* ProductCell.swift */ = {isa = PBXFileReference; lastKnownFileType = sourcecode.swift; path = ProductCell.swift; sourceTree = "<group>"; };
		E056BCA12A7FD0EB00AD4653 /* ProductCell.xib */ = {isa = PBXFileReference; lastKnownFileType = file.xib; path = ProductCell.xib; sourceTree = "<group>"; };
		E0C329AB2A74EE240056258F /* ass1.app */ = {isa = PBXFileReference; explicitFileType = wrapper.application; includeInIndex = 0; path = ass1.app; sourceTree = BUILT_PRODUCTS_DIR; };
		E0C329AE2A74EE240056258F /* AppDelegate.swift */ = {isa = PBXFileReference; lastKnownFileType = sourcecode.swift; path = AppDelegate.swift; sourceTree = "<group>"; };
		E0C329B02A74EE240056258F /* SceneDelegate.swift */ = {isa = PBXFileReference; lastKnownFileType = sourcecode.swift; path = SceneDelegate.swift; sourceTree = "<group>"; };
		E0C329B22A74EE240056258F /* FirstViewController.swift */ = {isa = PBXFileReference; lastKnownFileType = sourcecode.swift; path = FirstViewController.swift; sourceTree = "<group>"; };
		E0C329B52A74EE240056258F /* Base */ = {isa = PBXFileReference; lastKnownFileType = file.storyboard; name = Base; path = Base.lproj/Main.storyboard; sourceTree = "<group>"; };
		E0C329B72A74EE240056258F /* Assets.xcassets */ = {isa = PBXFileReference; lastKnownFileType = folder.assetcatalog; path = Assets.xcassets; sourceTree = "<group>"; };
		E0C329BA2A74EE240056258F /* Base */ = {isa = PBXFileReference; lastKnownFileType = file.storyboard; name = Base; path = Base.lproj/LaunchScreen.storyboard; sourceTree = "<group>"; };
		E0C329BC2A74EE240056258F /* Info.plist */ = {isa = PBXFileReference; lastKnownFileType = text.plist.xml; path = Info.plist; sourceTree = "<group>"; };
		E0C329C12A74EE240056258F /* ass1Tests.xctest */ = {isa = PBXFileReference; explicitFileType = wrapper.cfbundle; includeInIndex = 0; path = ass1Tests.xctest; sourceTree = BUILT_PRODUCTS_DIR; };
		E0C329CB2A74EE240056258F /* ass1UITests.xctest */ = {isa = PBXFileReference; explicitFileType = wrapper.cfbundle; includeInIndex = 0; path = ass1UITests.xctest; sourceTree = BUILT_PRODUCTS_DIR; };
		E0C329E12A75237F0056258F /* TabViewController.swift */ = {isa = PBXFileReference; lastKnownFileType = sourcecode.swift; path = TabViewController.swift; sourceTree = "<group>"; };
/* End PBXFileReference section */

/* Begin PBXFrameworksBuildPhase section */
		E0C329A82A74EE240056258F /* Frameworks */ = {
			isa = PBXFrameworksBuildPhase;
			buildActionMask = 2147483647;
			files = (
				3F0A4CB8C453137369A1390F /* Pods_ass1.framework in Frameworks */,
			);
			runOnlyForDeploymentPostprocessing = 0;
		};
		E0C329BE2A74EE240056258F /* Frameworks */ = {
			isa = PBXFrameworksBuildPhase;
			buildActionMask = 2147483647;
			files = (
			);
			runOnlyForDeploymentPostprocessing = 0;
		};
		E0C329C82A74EE240056258F /* Frameworks */ = {
			isa = PBXFrameworksBuildPhase;
			buildActionMask = 2147483647;
			files = (
			);
			runOnlyForDeploymentPostprocessing = 0;
		};
/* End PBXFrameworksBuildPhase section */

/* Begin PBXGroup section */
		3FBF261481F8A15CB2EC5F0B /* Pods */ = {
			isa = PBXGroup;
			children = (
				3C34A9A60583F5DDFBD4006F /* Pods-ass1.debug.xcconfig */,
				66ECA964947845748A62FEBC /* Pods-ass1.release.xcconfig */,
			);
			path = Pods;
			sourceTree = "<group>";
		};
		5857A30DDEDD1ED9A8357181 /* Frameworks */ = {
			isa = PBXGroup;
			children = (
				5B5C30A83AA2C47C0B96A7BD /* Pods_ass1.framework */,
			);
			name = Frameworks;
			sourceTree = "<group>";
		};
		E056BC8F2A7E13D400AD4653 /* Model */ = {
			isa = PBXGroup;
			children = (
				E056BC8D2A7E13CD00AD4653 /* ShopManager.swift */,
				E056BC902A7E207800AD4653 /* Product.swift */,
				E056BC942A7E26EC00AD4653 /* APIHandler.swift */,
				E04E1C0F2A8792CB005E71BE /* DataModel.xcdatamodeld */,
				E04E1C122A87BB3C005E71BE /* RealmData.swift */,
			);
			path = Model;
			sourceTree = "<group>";
		};
		E0C329A22A74EE240056258F = {
			isa = PBXGroup;
			children = (
				E0C329AD2A74EE240056258F /* ass1 */,
				E0C329AC2A74EE240056258F /* Products */,
				3FBF261481F8A15CB2EC5F0B /* Pods */,
				5857A30DDEDD1ED9A8357181 /* Frameworks */,
			);
			sourceTree = "<group>";
		};
		E0C329AC2A74EE240056258F /* Products */ = {
			isa = PBXGroup;
			children = (
				E0C329AB2A74EE240056258F /* ass1.app */,
				E0C329C12A74EE240056258F /* ass1Tests.xctest */,
				E0C329CB2A74EE240056258F /* ass1UITests.xctest */,
			);
			name = Products;
			sourceTree = "<group>";
		};
		E0C329AD2A74EE240056258F /* ass1 */ = {
			isa = PBXGroup;
			children = (
				E0C329AE2A74EE240056258F /* AppDelegate.swift */,
				E0C329B02A74EE240056258F /* SceneDelegate.swift */,
				E056BC8F2A7E13D400AD4653 /* Model */,
				E0C329E12A75237F0056258F /* TabViewController.swift */,
				E0C329B22A74EE240056258F /* FirstViewController.swift */,
				E056BC892A7E135600AD4653 /* ShopViewController.swift */,
				E056BC962A7E6EFD00AD4653 /* test.swift */,
				E0C329B42A74EE240056258F /* Main.storyboard */,
				E023C9BA2A908DE9005BE30B /* CameraViewController.swift */,
				E023C9BC2A90E95A005BE30B /* APICapturedPhoto.swift */,
				E0C329B72A74EE240056258F /* Assets.xcassets */,
				E0C329B92A74EE240056258F /* LaunchScreen.storyboard */,
				E0C329BC2A74EE240056258F /* Info.plist */,
				E056BC922A7E22B600AD4653 /* GoogleService-Info.plist */,
				E056BC9C2A7FC3D000AD4653 /* ReusableCell.swift */,
				E056BC9D2A7FC3D000AD4653 /* ReusableCell.xib */,
				E056BCA02A7FD0EB00AD4653 /* ProductCell.swift */,
				E056BCA12A7FD0EB00AD4653 /* ProductCell.xib */,
			);
			path = ass1;
			sourceTree = "<group>";
		};
/* End PBXGroup section */

/* Begin PBXNativeTarget section */
		E0C329AA2A74EE240056258F /* ass1 */ = {
			isa = PBXNativeTarget;
			buildConfigurationList = E0C329D52A74EE240056258F /* Build configuration list for PBXNativeTarget "ass1" */;
			buildPhases = (
				A6CCC08BAEFC036A0A352179 /* [CP] Check Pods Manifest.lock */,
				E0C329A72A74EE240056258F /* Sources */,
				E0C329A82A74EE240056258F /* Frameworks */,
				E0C329A92A74EE240056258F /* Resources */,
				AEE2F4CB082342BA1CCC080F /* [CP] Embed Pods Frameworks */,
			);
			buildRules = (
			);
			dependencies = (
			);
			name = ass1;
			productName = ass1;
			productReference = E0C329AB2A74EE240056258F /* ass1.app */;
			productType = "com.apple.product-type.application";
		};
		E0C329C02A74EE240056258F /* ass1Tests */ = {
			isa = PBXNativeTarget;
			buildConfigurationList = E0C329D82A74EE240056258F /* Build configuration list for PBXNativeTarget "ass1Tests" */;
			buildPhases = (
				E0C329BD2A74EE240056258F /* Sources */,
				E0C329BE2A74EE240056258F /* Frameworks */,
				E0C329BF2A74EE240056258F /* Resources */,
			);
			buildRules = (
			);
			dependencies = (
				E0C329C32A74EE240056258F /* PBXTargetDependency */,
			);
			name = ass1Tests;
			productName = ass1Tests;
			productReference = E0C329C12A74EE240056258F /* ass1Tests.xctest */;
			productType = "com.apple.product-type.bundle.unit-test";
		};
		E0C329CA2A74EE240056258F /* ass1UITests */ = {
			isa = PBXNativeTarget;
			buildConfigurationList = E0C329DB2A74EE240056258F /* Build configuration list for PBXNativeTarget "ass1UITests" */;
			buildPhases = (
				E0C329C72A74EE240056258F /* Sources */,
				E0C329C82A74EE240056258F /* Frameworks */,
				E0C329C92A74EE240056258F /* Resources */,
			);
			buildRules = (
			);
			dependencies = (
				E0C329CD2A74EE240056258F /* PBXTargetDependency */,
			);
			name = ass1UITests;
			productName = ass1UITests;
			productReference = E0C329CB2A74EE240056258F /* ass1UITests.xctest */;
			productType = "com.apple.product-type.bundle.ui-testing";
		};
/* End PBXNativeTarget section */

/* Begin PBXProject section */
		E0C329A32A74EE240056258F /* Project object */ = {
			isa = PBXProject;
			attributes = {
				BuildIndependentTargetsInParallel = 1;
				LastSwiftUpdateCheck = 1430;
				LastUpgradeCheck = 1430;
				TargetAttributes = {
					E0C329AA2A74EE240056258F = {
						CreatedOnToolsVersion = 14.3.1;
					};
					E0C329C02A74EE240056258F = {
						CreatedOnToolsVersion = 14.3.1;
						TestTargetID = E0C329AA2A74EE240056258F;
					};
					E0C329CA2A74EE240056258F = {
						CreatedOnToolsVersion = 14.3.1;
						TestTargetID = E0C329AA2A74EE240056258F;
					};
				};
			};
			buildConfigurationList = E0C329A62A74EE240056258F /* Build configuration list for PBXProject "ass1" */;
			compatibilityVersion = "Xcode 14.0";
			developmentRegion = en;
			hasScannedForEncodings = 0;
			knownRegions = (
				en,
				Base,
			);
			mainGroup = E0C329A22A74EE240056258F;
			productRefGroup = E0C329AC2A74EE240056258F /* Products */;
			projectDirPath = "";
			projectRoot = "";
			targets = (
				E0C329AA2A74EE240056258F /* ass1 */,
				E0C329C02A74EE240056258F /* ass1Tests */,
				E0C329CA2A74EE240056258F /* ass1UITests */,
			);
		};
/* End PBXProject section */

/* Begin PBXResourcesBuildPhase section */
		E0C329A92A74EE240056258F /* Resources */ = {
			isa = PBXResourcesBuildPhase;
			buildActionMask = 2147483647;
			files = (
				E056BC9F2A7FC3D000AD4653 /* ReusableCell.xib in Resources */,
				E0C329BB2A74EE240056258F /* LaunchScreen.storyboard in Resources */,
				E056BC932A7E22B600AD4653 /* GoogleService-Info.plist in Resources */,
				E056BCA32A7FD0EB00AD4653 /* ProductCell.xib in Resources */,
				E0C329B82A74EE240056258F /* Assets.xcassets in Resources */,
				E0C329B62A74EE240056258F /* Main.storyboard in Resources */,
			);
			runOnlyForDeploymentPostprocessing = 0;
		};
		E0C329BF2A74EE240056258F /* Resources */ = {
			isa = PBXResourcesBuildPhase;
			buildActionMask = 2147483647;
			files = (
			);
			runOnlyForDeploymentPostprocessing = 0;
		};
		E0C329C92A74EE240056258F /* Resources */ = {
			isa = PBXResourcesBuildPhase;
			buildActionMask = 2147483647;
			files = (
			);
			runOnlyForDeploymentPostprocessing = 0;
		};
/* End PBXResourcesBuildPhase section */

/* Begin PBXShellScriptBuildPhase section */
		A6CCC08BAEFC036A0A352179 /* [CP] Check Pods Manifest.lock */ = {
			isa = PBXShellScriptBuildPhase;
			buildActionMask = 2147483647;
			files = (
			);
			inputFileListPaths = (
			);
			inputPaths = (
				"${PODS_PODFILE_DIR_PATH}/Podfile.lock",
				"${PODS_ROOT}/Manifest.lock",
			);
			name = "[CP] Check Pods Manifest.lock";
			outputFileListPaths = (
			);
			outputPaths = (
				"$(DERIVED_FILE_DIR)/Pods-ass1-checkManifestLockResult.txt",
			);
			runOnlyForDeploymentPostprocessing = 0;
			shellPath = /bin/sh;
			shellScript = "diff \"${PODS_PODFILE_DIR_PATH}/Podfile.lock\" \"${PODS_ROOT}/Manifest.lock\" > /dev/null\nif [ $? != 0 ] ; then\n    # print error to STDERR\n    echo \"error: The sandbox is not in sync with the Podfile.lock. Run 'pod install' or update your CocoaPods installation.\" >&2\n    exit 1\nfi\n# This output is used by Xcode 'outputs' to avoid re-running this script phase.\necho \"SUCCESS\" > \"${SCRIPT_OUTPUT_FILE_0}\"\n";
			showEnvVarsInLog = 0;
		};
		AEE2F4CB082342BA1CCC080F /* [CP] Embed Pods Frameworks */ = {
			isa = PBXShellScriptBuildPhase;
			buildActionMask = 2147483647;
			files = (
			);
			inputFileListPaths = (
				"${PODS_ROOT}/Target Support Files/Pods-ass1/Pods-ass1-frameworks-${CONFIGURATION}-input-files.xcfilelist",
			);
			name = "[CP] Embed Pods Frameworks";
			outputFileListPaths = (
				"${PODS_ROOT}/Target Support Files/Pods-ass1/Pods-ass1-frameworks-${CONFIGURATION}-output-files.xcfilelist",
			);
			runOnlyForDeploymentPostprocessing = 0;
			shellPath = /bin/sh;
			shellScript = "\"${PODS_ROOT}/Target Support Files/Pods-ass1/Pods-ass1-frameworks.sh\"\n";
			showEnvVarsInLog = 0;
		};
/* End PBXShellScriptBuildPhase section */

/* Begin PBXSourcesBuildPhase section */
		E0C329A72A74EE240056258F /* Sources */ = {
			isa = PBXSourcesBuildPhase;
			buildActionMask = 2147483647;
			files = (
				E056BC9E2A7FC3D000AD4653 /* ReusableCell.swift in Sources */,
				E056BCA22A7FD0EB00AD4653 /* ProductCell.swift in Sources */,
				E0C329E22A75237F0056258F /* TabViewController.swift in Sources */,
				E056BC952A7E26EC00AD4653 /* APIHandler.swift in Sources */,
				E0C329B32A74EE240056258F /* FirstViewController.swift in Sources */,
				E04E1C132A87BB3C005E71BE /* RealmData.swift in Sources */,
				E056BC8A2A7E135600AD4653 /* ShopViewController.swift in Sources */,
				E056BC972A7E6EFD00AD4653 /* test.swift in Sources */,
				E056BC8E2A7E13CD00AD4653 /* ShopManager.swift in Sources */,
				E0C329AF2A74EE240056258F /* AppDelegate.swift in Sources */,
				E04E1C112A8792CB005E71BE /* DataModel.xcdatamodeld in Sources */,
				E023C9BD2A90E95A005BE30B /* APICapturedPhoto.swift in Sources */,
				E023C9BB2A908DE9005BE30B /* CameraViewController.swift in Sources */,
				E0C329B12A74EE240056258F /* SceneDelegate.swift in Sources */,
				E056BC912A7E207800AD4653 /* Product.swift in Sources */,
			);
			runOnlyForDeploymentPostprocessing = 0;
		};
		E0C329BD2A74EE240056258F /* Sources */ = {
			isa = PBXSourcesBuildPhase;
			buildActionMask = 2147483647;
			files = (
			);
			runOnlyForDeploymentPostprocessing = 0;
		};
		E0C329C72A74EE240056258F /* Sources */ = {
			isa = PBXSourcesBuildPhase;
			buildActionMask = 2147483647;
			files = (
			);
			runOnlyForDeploymentPostprocessing = 0;
		};
/* End PBXSourcesBuildPhase section */

/* Begin PBXTargetDependency section */
		E0C329C32A74EE240056258F /* PBXTargetDependency */ = {
			isa = PBXTargetDependency;
			target = E0C329AA2A74EE240056258F /* ass1 */;
			targetProxy = E0C329C22A74EE240056258F /* PBXContainerItemProxy */;
		};
		E0C329CD2A74EE240056258F /* PBXTargetDependency */ = {
			isa = PBXTargetDependency;
			target = E0C329AA2A74EE240056258F /* ass1 */;
			targetProxy = E0C329CC2A74EE240056258F /* PBXContainerItemProxy */;
		};
/* End PBXTargetDependency section */

/* Begin PBXVariantGroup section */
		E0C329B42A74EE240056258F /* Main.storyboard */ = {
			isa = PBXVariantGroup;
			children = (
				E0C329B52A74EE240056258F /* Base */,
			);
			name = Main.storyboard;
			sourceTree = "<group>";
		};
		E0C329B92A74EE240056258F /* LaunchScreen.storyboard */ = {
			isa = PBXVariantGroup;
			children = (
				E0C329BA2A74EE240056258F /* Base */,
			);
			name = LaunchScreen.storyboard;
			sourceTree = "<group>";
		};
/* End PBXVariantGroup section */

/* Begin XCBuildConfiguration section */
		E0C329D32A74EE240056258F /* Debug */ = {
			isa = XCBuildConfiguration;
			buildSettings = {
				ALWAYS_SEARCH_USER_PATHS = NO;
				CLANG_ANALYZER_NONNULL = YES;
				CLANG_ANALYZER_NUMBER_OBJECT_CONVERSION = YES_AGGRESSIVE;
				CLANG_CXX_LANGUAGE_STANDARD = "gnu++20";
				CLANG_ENABLE_MODULES = YES;
				CLANG_ENABLE_OBJC_ARC = YES;
				CLANG_ENABLE_OBJC_WEAK = YES;
				CLANG_WARN_BLOCK_CAPTURE_AUTORELEASING = YES;
				CLANG_WARN_BOOL_CONVERSION = YES;
				CLANG_WARN_COMMA = YES;
				CLANG_WARN_CONSTANT_CONVERSION = YES;
				CLANG_WARN_DEPRECATED_OBJC_IMPLEMENTATIONS = YES;
				CLANG_WARN_DIRECT_OBJC_ISA_USAGE = YES_ERROR;
				CLANG_WARN_DOCUMENTATION_COMMENTS = YES;
				CLANG_WARN_EMPTY_BODY = YES;
				CLANG_WARN_ENUM_CONVERSION = YES;
				CLANG_WARN_INFINITE_RECURSION = YES;
				CLANG_WARN_INT_CONVERSION = YES;
				CLANG_WARN_NON_LITERAL_NULL_CONVERSION = YES;
				CLANG_WARN_OBJC_IMPLICIT_RETAIN_SELF = YES;
				CLANG_WARN_OBJC_LITERAL_CONVERSION = YES;
				CLANG_WARN_OBJC_ROOT_CLASS = YES_ERROR;
				CLANG_WARN_QUOTED_INCLUDE_IN_FRAMEWORK_HEADER = YES;
				CLANG_WARN_RANGE_LOOP_ANALYSIS = YES;
				CLANG_WARN_STRICT_PROTOTYPES = YES;
				CLANG_WARN_SUSPICIOUS_MOVE = YES;
				CLANG_WARN_UNGUARDED_AVAILABILITY = YES_AGGRESSIVE;
				CLANG_WARN_UNREACHABLE_CODE = YES;
				CLANG_WARN__DUPLICATE_METHOD_MATCH = YES;
				COPY_PHASE_STRIP = NO;
				DEBUG_INFORMATION_FORMAT = dwarf;
				ENABLE_STRICT_OBJC_MSGSEND = YES;
				ENABLE_TESTABILITY = YES;
				GCC_C_LANGUAGE_STANDARD = gnu11;
				GCC_DYNAMIC_NO_PIC = NO;
				GCC_NO_COMMON_BLOCKS = YES;
				GCC_OPTIMIZATION_LEVEL = 0;
				GCC_PREPROCESSOR_DEFINITIONS = (
					"DEBUG=1",
					"$(inherited)",
				);
				GCC_WARN_64_TO_32_BIT_CONVERSION = YES;
				GCC_WARN_ABOUT_RETURN_TYPE = YES_ERROR;
				GCC_WARN_UNDECLARED_SELECTOR = YES;
				GCC_WARN_UNINITIALIZED_AUTOS = YES_AGGRESSIVE;
				GCC_WARN_UNUSED_FUNCTION = YES;
				GCC_WARN_UNUSED_VARIABLE = YES;
				IPHONEOS_DEPLOYMENT_TARGET = 16.4;
				MTL_ENABLE_DEBUG_INFO = INCLUDE_SOURCE;
				MTL_FAST_MATH = YES;
				ONLY_ACTIVE_ARCH = YES;
				SDKROOT = iphoneos;
				SWIFT_ACTIVE_COMPILATION_CONDITIONS = DEBUG;
				SWIFT_OPTIMIZATION_LEVEL = "-Onone";
			};
			name = Debug;
		};
		E0C329D42A74EE240056258F /* Release */ = {
			isa = XCBuildConfiguration;
			buildSettings = {
				ALWAYS_SEARCH_USER_PATHS = NO;
				CLANG_ANALYZER_NONNULL = YES;
				CLANG_ANALYZER_NUMBER_OBJECT_CONVERSION = YES_AGGRESSIVE;
				CLANG_CXX_LANGUAGE_STANDARD = "gnu++20";
				CLANG_ENABLE_MODULES = YES;
				CLANG_ENABLE_OBJC_ARC = YES;
				CLANG_ENABLE_OBJC_WEAK = YES;
				CLANG_WARN_BLOCK_CAPTURE_AUTORELEASING = YES;
				CLANG_WARN_BOOL_CONVERSION = YES;
				CLANG_WARN_COMMA = YES;
				CLANG_WARN_CONSTANT_CONVERSION = YES;
				CLANG_WARN_DEPRECATED_OBJC_IMPLEMENTATIONS = YES;
				CLANG_WARN_DIRECT_OBJC_ISA_USAGE = YES_ERROR;
				CLANG_WARN_DOCUMENTATION_COMMENTS = YES;
				CLANG_WARN_EMPTY_BODY = YES;
				CLANG_WARN_ENUM_CONVERSION = YES;
				CLANG_WARN_INFINITE_RECURSION = YES;
				CLANG_WARN_INT_CONVERSION = YES;
				CLANG_WARN_NON_LITERAL_NULL_CONVERSION = YES;
				CLANG_WARN_OBJC_IMPLICIT_RETAIN_SELF = YES;
				CLANG_WARN_OBJC_LITERAL_CONVERSION = YES;
				CLANG_WARN_OBJC_ROOT_CLASS = YES_ERROR;
				CLANG_WARN_QUOTED_INCLUDE_IN_FRAMEWORK_HEADER = YES;
				CLANG_WARN_RANGE_LOOP_ANALYSIS = YES;
				CLANG_WARN_STRICT_PROTOTYPES = YES;
				CLANG_WARN_SUSPICIOUS_MOVE = YES;
				CLANG_WARN_UNGUARDED_AVAILABILITY = YES_AGGRESSIVE;
				CLANG_WARN_UNREACHABLE_CODE = YES;
				CLANG_WARN__DUPLICATE_METHOD_MATCH = YES;
				COPY_PHASE_STRIP = NO;
				DEBUG_INFORMATION_FORMAT = "dwarf-with-dsym";
				ENABLE_NS_ASSERTIONS = NO;
				ENABLE_STRICT_OBJC_MSGSEND = YES;
				GCC_C_LANGUAGE_STANDARD = gnu11;
				GCC_NO_COMMON_BLOCKS = YES;
				GCC_WARN_64_TO_32_BIT_CONVERSION = YES;
				GCC_WARN_ABOUT_RETURN_TYPE = YES_ERROR;
				GCC_WARN_UNDECLARED_SELECTOR = YES;
				GCC_WARN_UNINITIALIZED_AUTOS = YES_AGGRESSIVE;
				GCC_WARN_UNUSED_FUNCTION = YES;
				GCC_WARN_UNUSED_VARIABLE = YES;
				IPHONEOS_DEPLOYMENT_TARGET = 16.4;
				MTL_ENABLE_DEBUG_INFO = NO;
				MTL_FAST_MATH = YES;
				SDKROOT = iphoneos;
				SWIFT_COMPILATION_MODE = wholemodule;
				SWIFT_OPTIMIZATION_LEVEL = "-O";
				VALIDATE_PRODUCT = YES;
			};
			name = Release;
		};
		E0C329D62A74EE240056258F /* Debug */ = {
			isa = XCBuildConfiguration;
			baseConfigurationReference = 3C34A9A60583F5DDFBD4006F /* Pods-ass1.debug.xcconfig */;
			buildSettings = {
				ASSETCATALOG_COMPILER_APPICON_NAME = AppIcon;
				ASSETCATALOG_COMPILER_GLOBAL_ACCENT_COLOR_NAME = AccentColor;
				CODE_SIGN_STYLE = Automatic;
				CURRENT_PROJECT_VERSION = 1;
				DEVELOPMENT_TEAM = LP2989S72N;
				GENERATE_INFOPLIST_FILE = YES;
				INFOPLIST_FILE = ass1/Info.plist;
				INFOPLIST_KEY_UIApplicationSupportsIndirectInputEvents = YES;
				INFOPLIST_KEY_UILaunchStoryboardName = LaunchScreen;
				INFOPLIST_KEY_UIMainStoryboardFile = Main;
				INFOPLIST_KEY_UISupportedInterfaceOrientations_iPad = "UIInterfaceOrientationPortrait UIInterfaceOrientationPortraitUpsideDown UIInterfaceOrientationLandscapeLeft UIInterfaceOrientationLandscapeRight";
				INFOPLIST_KEY_UISupportedInterfaceOrientations_iPhone = "UIInterfaceOrientationPortrait UIInterfaceOrientationLandscapeLeft UIInterfaceOrientationLandscapeRight";
				IPHONEOS_DEPLOYMENT_TARGET = 14.4;
				LD_RUNPATH_SEARCH_PATHS = (
					"$(inherited)",
					"@executable_path/Frameworks",
				);
				MARKETING_VERSION = 1.0;
				PRODUCT_BUNDLE_IDENTIFIER = com.vishal.ass1;
				PRODUCT_NAME = "$(TARGET_NAME)";
				SWIFT_EMIT_LOC_STRINGS = YES;
				SWIFT_VERSION = 5.0;
				TARGETED_DEVICE_FAMILY = "1,2";
			};
			name = Debug;
		};
		E0C329D72A74EE240056258F /* Release */ = {
			isa = XCBuildConfiguration;
			baseConfigurationReference = 66ECA964947845748A62FEBC /* Pods-ass1.release.xcconfig */;
			buildSettings = {
				ASSETCATALOG_COMPILER_APPICON_NAME = AppIcon;
				ASSETCATALOG_COMPILER_GLOBAL_ACCENT_COLOR_NAME = AccentColor;
				CODE_SIGN_STYLE = Automatic;
				CURRENT_PROJECT_VERSION = 1;
				DEVELOPMENT_TEAM = LP2989S72N;
				GENERATE_INFOPLIST_FILE = YES;
				INFOPLIST_FILE = ass1/Info.plist;
				INFOPLIST_KEY_UIApplicationSupportsIndirectInputEvents = YES;
				INFOPLIST_KEY_UILaunchStoryboardName = LaunchScreen;
				INFOPLIST_KEY_UIMainStoryboardFile = Main;
				INFOPLIST_KEY_UISupportedInterfaceOrientations_iPad = "UIInterfaceOrientationPortrait UIInterfaceOrientationPortraitUpsideDown UIInterfaceOrientationLandscapeLeft UIInterfaceOrientationLandscapeRight";
				INFOPLIST_KEY_UISupportedInterfaceOrientations_iPhone = "UIInterfaceOrientationPortrait UIInterfaceOrientationLandscapeLeft UIInterfaceOrientationLandscapeRight";
				IPHONEOS_DEPLOYMENT_TARGET = 14.4;
				LD_RUNPATH_SEARCH_PATHS = (
					"$(inherited)",
					"@executable_path/Frameworks",
				);
				MARKETING_VERSION = 1.0;
				PRODUCT_BUNDLE_IDENTIFIER = com.vishal.ass1;
				PRODUCT_NAME = "$(TARGET_NAME)";
				SWIFT_EMIT_LOC_STRINGS = YES;
				SWIFT_VERSION = 5.0;
				TARGETED_DEVICE_FAMILY = "1,2";
			};
			name = Release;
		};
		E0C329D92A74EE240056258F /* Debug */ = {
			isa = XCBuildConfiguration;
			buildSettings = {
				ALWAYS_EMBED_SWIFT_STANDARD_LIBRARIES = YES;
				BUNDLE_LOADER = "$(TEST_HOST)";
				CODE_SIGN_STYLE = Automatic;
				CURRENT_PROJECT_VERSION = 1;
				GENERATE_INFOPLIST_FILE = YES;
				IPHONEOS_DEPLOYMENT_TARGET = 16.4;
				MARKETING_VERSION = 1.0;
				PRODUCT_BUNDLE_IDENTIFIER = com.richi.ass1Tests;
				PRODUCT_NAME = "$(TARGET_NAME)";
				SWIFT_EMIT_LOC_STRINGS = NO;
				SWIFT_VERSION = 5.0;
				TARGETED_DEVICE_FAMILY = "1,2";
				TEST_HOST = "$(BUILT_PRODUCTS_DIR)/ass1.app/$(BUNDLE_EXECUTABLE_FOLDER_PATH)/ass1";
			};
			name = Debug;
		};
		E0C329DA2A74EE240056258F /* Release */ = {
			isa = XCBuildConfiguration;
			buildSettings = {
				ALWAYS_EMBED_SWIFT_STANDARD_LIBRARIES = YES;
				BUNDLE_LOADER = "$(TEST_HOST)";
				CODE_SIGN_STYLE = Automatic;
				CURRENT_PROJECT_VERSION = 1;
				GENERATE_INFOPLIST_FILE = YES;
				IPHONEOS_DEPLOYMENT_TARGET = 16.4;
				MARKETING_VERSION = 1.0;
				PRODUCT_BUNDLE_IDENTIFIER = com.richi.ass1Tests;
				PRODUCT_NAME = "$(TARGET_NAME)";
				SWIFT_EMIT_LOC_STRINGS = NO;
				SWIFT_VERSION = 5.0;
				TARGETED_DEVICE_FAMILY = "1,2";
				TEST_HOST = "$(BUILT_PRODUCTS_DIR)/ass1.app/$(BUNDLE_EXECUTABLE_FOLDER_PATH)/ass1";
			};
			name = Release;
		};
		E0C329DC2A74EE240056258F /* Debug */ = {
			isa = XCBuildConfiguration;
			buildSettings = {
				ALWAYS_EMBED_SWIFT_STANDARD_LIBRARIES = YES;
				CODE_SIGN_STYLE = Automatic;
				CURRENT_PROJECT_VERSION = 1;
				GENERATE_INFOPLIST_FILE = YES;
				MARKETING_VERSION = 1.0;
				PRODUCT_BUNDLE_IDENTIFIER = com.richi.ass1UITests;
				PRODUCT_NAME = "$(TARGET_NAME)";
				SWIFT_EMIT_LOC_STRINGS = NO;
				SWIFT_VERSION = 5.0;
				TARGETED_DEVICE_FAMILY = "1,2";
				TEST_TARGET_NAME = ass1;
			};
			name = Debug;
		};
		E0C329DD2A74EE240056258F /* Release */ = {
			isa = XCBuildConfiguration;
			buildSettings = {
				ALWAYS_EMBED_SWIFT_STANDARD_LIBRARIES = YES;
				CODE_SIGN_STYLE = Automatic;
				CURRENT_PROJECT_VERSION = 1;
				GENERATE_INFOPLIST_FILE = YES;
				MARKETING_VERSION = 1.0;
				PRODUCT_BUNDLE_IDENTIFIER = com.richi.ass1UITests;
				PRODUCT_NAME = "$(TARGET_NAME)";
				SWIFT_EMIT_LOC_STRINGS = NO;
				SWIFT_VERSION = 5.0;
				TARGETED_DEVICE_FAMILY = "1,2";
				TEST_TARGET_NAME = ass1;
			};
			name = Release;
		};
/* End XCBuildConfiguration section */

/* Begin XCConfigurationList section */
		E0C329A62A74EE240056258F /* Build configuration list for PBXProject "ass1" */ = {
			isa = XCConfigurationList;
			buildConfigurations = (
				E0C329D32A74EE240056258F /* Debug */,
				E0C329D42A74EE240056258F /* Release */,
			);
			defaultConfigurationIsVisible = 0;
			defaultConfigurationName = Release;
		};
		E0C329D52A74EE240056258F /* Build configuration list for PBXNativeTarget "ass1" */ = {
			isa = XCConfigurationList;
			buildConfigurations = (
				E0C329D62A74EE240056258F /* Debug */,
				E0C329D72A74EE240056258F /* Release */,
			);
			defaultConfigurationIsVisible = 0;
			defaultConfigurationName = Release;
		};
		E0C329D82A74EE240056258F /* Build configuration list for PBXNativeTarget "ass1Tests" */ = {
			isa = XCConfigurationList;
			buildConfigurations = (
				E0C329D92A74EE240056258F /* Debug */,
				E0C329DA2A74EE240056258F /* Release */,
			);
			defaultConfigurationIsVisible = 0;
			defaultConfigurationName = Release;
		};
		E0C329DB2A74EE240056258F /* Build configuration list for PBXNativeTarget "ass1UITests" */ = {
			isa = XCConfigurationList;
			buildConfigurations = (
				E0C329DC2A74EE240056258F /* Debug */,
				E0C329DD2A74EE240056258F /* Release */,
			);
			defaultConfigurationIsVisible = 0;
			defaultConfigurationName = Release;
		};
/* End XCConfigurationList section */

/* Begin XCVersionGroup section */
		E04E1C0F2A8792CB005E71BE /* DataModel.xcdatamodeld */ = {
			isa = XCVersionGroup;
			children = (
				E04E1C102A8792CB005E71BE /* DataModel.xcdatamodel */,
			);
			currentVersion = E04E1C102A8792CB005E71BE /* DataModel.xcdatamodel */;
			path = DataModel.xcdatamodeld;
			sourceTree = "<group>";
			versionGroupType = wrapper.xcdatamodel;
		};
/* End XCVersionGroup section */
	};
	rootObject = E0C329A32A74EE240056258F /* Project object */;
}
